
Microsoft Visual Studio Solution File, Format Version 12.00
# Visual Studio Version 16
VisualStudioVersion = 16.0.32228.343
MinimumVisualStudioVersion = 10.0.40219.1
Project("{FAE04EC0-301F-11D3-BF4B-00C04F79EFBC}") = "TodoApi", "TodoApi\TodoApi.csproj", "{DC93FD52-3D3B-4979-B59B-4E86DB43670F}"
EndProject
Global
	GlobalSection(SolutionConfigurationPlatforms) = preSolution
		Debug|Any CPU = Debug|Any CPU
		Release|Any CPU = Release|Any CPU
	EndGlobalSection
	GlobalSection(ProjectConfigurationPlatforms) = postSolution
		{DC93FD52-3D3B-4979-B59B-4E86DB43670F}.Debug|Any CPU.ActiveCfg = Debug|Any CPU
		{DC93FD52-3D3B-4979-B59B-4E86DB43670F}.Debug|Any CPU.Build.0 = Debug|Any CPU
		{DC93FD52-3D3B-4979-B59B-4E86DB43670F}.Release|Any CPU.ActiveCfg = Release|Any CPU
		{DC93FD52-3D3B-4979-B59B-4E86DB43670F}.Release|Any CPU.Build.0 = Release|Any CPU
	EndGlobalSection
	GlobalSection(SolutionProperties) = preSolution
		HideSolutionNode = FALSE
	EndGlobalSection
	GlobalSection(ExtensibilityGlobals) = postSolution
		SolutionGuid = {C8FA6B82-DD09-464C-B097-7CA0F27CE051}
	EndGlobalSection
EndGlobal
